# THIS IS AN AUTOGENERATED FILE. DO NOT EDIT THIS FILE DIRECTLY.
# yarn lockfile v1


"@babel/runtime@^7.1.2":
  version "7.11.2"
  resolved "https://registry.yarnpkg.com/@babel/runtime/-/runtime-7.11.2.tgz#f549c13c754cc40b87644b9fa9f09a6a95fe0736"
  integrity sha512-TeWkU52so0mPtDcaCTxNBI/IHiz0pZgr8VEFqXFtZWpYD08ZB6FaSwVAS8MKRQAP3bYKiVjwysOJgMFY28o6Tw==
  dependencies:
    regenerator-runtime "^0.13.4"

Base64@~0.2.0:
  version "0.2.1"
  resolved "https://registry.yarnpkg.com/Base64/-/Base64-0.2.1.tgz#ba3a4230708e186705065e66babdd4c35cf60028"

asap@~2.0.3:
  version "2.0.6"
  resolved "https://registry.yarnpkg.com/asap/-/asap-2.0.6.tgz#e50347611d7e690943208bbdafebcbc2fb866d46"

asn1.js@^4.0.0:
  version "4.9.1"
  resolved "https://registry.yarnpkg.com/asn1.js/-/asn1.js-4.9.1.tgz#48ba240b45a9280e94748990ba597d216617fd40"
  dependencies:
    bn.js "^4.0.0"
    inherits "^2.0.1"
    minimalistic-assert "^1.0.0"

assert@^1.4.1:
  version "1.4.1"
  resolved "https://registry.yarnpkg.com/assert/-/assert-1.4.1.tgz#99912d591836b5a6f5b345c0f07eefc08fc65d91"
  dependencies:
    util "0.10.3"

async@>=0.2.6, async@^3.2.0:
  version "3.2.0"
  resolved "https://registry.yarnpkg.com/async/-/async-3.2.0.tgz#b3a2685c5ebb641d3de02d161002c60fc9f85720"
  integrity sha512-TR2mEZFVOj2pLStYxLht7TyfuRzaydfpxr3k9RpHIzMgw7A64dzsdqCxH1WJyQdoe8T10nDXd9wnEigmiuHIZw==

babel-runtime@^6.20.0, babel-runtime@^6.23.0:
  version "6.23.0"
  resolved "https://registry.yarnpkg.com/babel-runtime/-/babel-runtime-6.23.0.tgz#0a9489f144de70efb3ce4300accdb329e2fc543b"
  dependencies:
    core-js "^2.4.0"
    regenerator-runtime "^0.10.0"

balanced-match@^0.4.2:
  version "0.4.2"
  resolved "https://registry.yarnpkg.com/balanced-match/-/balanced-match-0.4.2.tgz#cb3f3e3c732dc0f01ee70b403f302e61d7709838"
  integrity sha1-yz8+PHMtwPAe5wtAPzAuYddwmDg=

balanced-match@^1.0.0:
  version "1.0.0"
  resolved "https://registry.yarnpkg.com/balanced-match/-/balanced-match-1.0.0.tgz#89b4d199ab2bee49de164ea02b89ce462d71b767"
  integrity sha1-ibTRmasr7kneFk6gK4nORi1xt2c=

base64-js@^1.0.2:
  version "1.2.1"
  resolved "https://registry.yarnpkg.com/base64-js/-/base64-js-1.2.1.tgz#a91947da1f4a516ea38e5b4ec0ec3773675e0886"

bn.js@^4.0.0, bn.js@^4.1.0, bn.js@^4.1.1, bn.js@^4.4.0:
  version "4.11.7"
  resolved "https://registry.yarnpkg.com/bn.js/-/bn.js-4.11.7.tgz#ddb048e50d9482790094c13eb3fcfc833ce7ab46"

bowser@^1.6.0:
  version "1.7.1"
  resolved "https://registry.yarnpkg.com/bowser/-/bowser-1.7.1.tgz#a4de8f18a1a0dc9531eb2a92a1521fb6a9ba96a5"

brorand@^1.0.1:
  version "1.1.0"
  resolved "https://registry.yarnpkg.com/brorand/-/brorand-1.1.0.tgz#12c25efe40a45e3c323eb8675a0a0ce57b22371f"

browserify-aes@^1.0.0, browserify-aes@^1.0.4:
  version "1.0.6"
  resolved "https://registry.yarnpkg.com/browserify-aes/-/browserify-aes-1.0.6.tgz#5e7725dbdef1fd5930d4ebab48567ce451c48a0a"
  dependencies:
    buffer-xor "^1.0.2"
    cipher-base "^1.0.0"
    create-hash "^1.1.0"
    evp_bytestokey "^1.0.0"
    inherits "^2.0.1"

browserify-cipher@^1.0.0:
  version "1.0.0"
  resolved "https://registry.yarnpkg.com/browserify-cipher/-/browserify-cipher-1.0.0.tgz#9988244874bf5ed4e28da95666dcd66ac8fc363a"
  dependencies:
    browserify-aes "^1.0.4"
    browserify-des "^1.0.0"
    evp_bytestokey "^1.0.0"

browserify-des@^1.0.0:
  version "1.0.0"
  resolved "https://registry.yarnpkg.com/browserify-des/-/browserify-des-1.0.0.tgz#daa277717470922ed2fe18594118a175439721dd"
  dependencies:
    cipher-base "^1.0.1"
    des.js "^1.0.0"
    inherits "^2.0.1"

browserify-rsa@^4.0.0:
  version "4.0.1"
  resolved "https://registry.yarnpkg.com/browserify-rsa/-/browserify-rsa-4.0.1.tgz#21e0abfaf6f2029cf2fafb133567a701d4135524"
  dependencies:
    bn.js "^4.1.0"
    randombytes "^2.0.1"

browserify-sign@^4.0.0:
  version "4.0.4"
  resolved "https://registry.yarnpkg.com/browserify-sign/-/browserify-sign-4.0.4.tgz#aa4eb68e5d7b658baa6bf6a57e630cbd7a93d298"
  dependencies:
    bn.js "^4.1.1"
    browserify-rsa "^4.0.0"
    create-hash "^1.1.0"
    create-hmac "^1.1.2"
    elliptic "^6.0.0"
    inherits "^2.0.1"
    parse-asn1 "^5.0.0"

browserify-zlib@^0.1.4:
  version "0.1.4"
  resolved "https://registry.yarnpkg.com/browserify-zlib/-/browserify-zlib-0.1.4.tgz#bb35f8a519f600e0fa6b8485241c979d0141fb2d"
  dependencies:
    pako "~0.2.0"

buffer-xor@^1.0.2:
  version "1.0.3"
  resolved "https://registry.yarnpkg.com/buffer-xor/-/buffer-xor-1.0.3.tgz#26e61ed1422fb70dd42e6e36729ed51d855fe8d9"

buffer@^4.9.1:
  version "4.9.1"
  resolved "https://registry.yarnpkg.com/buffer/-/buffer-4.9.1.tgz#6d1bb601b07a4efced97094132093027c95bc298"
  dependencies:
    base64-js "^1.0.2"
    ieee754 "^1.1.4"
    isarray "^1.0.0"

chain-function@^1.0.0:
  version "1.0.0"
  resolved "https://registry.yarnpkg.com/chain-function/-/chain-function-1.0.0.tgz#0d4ab37e7e18ead0bdc47b920764118ce58733dc"

change-emitter@^0.1.2:
  version "0.1.6"
  resolved "https://registry.yarnpkg.com/change-emitter/-/change-emitter-0.1.6.tgz#e8b2fe3d7f1ab7d69a32199aff91ea6931409515"

cipher-base@^1.0.0, cipher-base@^1.0.1, cipher-base@^1.0.3:
  version "1.0.4"
  resolved "https://registry.yarnpkg.com/cipher-base/-/cipher-base-1.0.4.tgz#8760e4ecc272f4c363532f926d874aae2c1397de"
  dependencies:
    inherits "^2.0.1"
    safe-buffer "^5.0.1"

classnames@^2.2.5:
  version "2.2.6"
  resolved "https://registry.yarnpkg.com/classnames/-/classnames-2.2.6.tgz#43935bffdd291f326dad0a205309b38d00f650ce"
  integrity sha512-JR/iSQOSt+LQIWwrwEzJ9uk0xfN3mTVYMwt1Ir5mUcSN6pU+V4zQFFaJsclJbPuAUQH+yfWef6tm7l1quW3C8Q==

console-browserify@^1.1.0:
  version "1.1.0"
  resolved "https://registry.yarnpkg.com/console-browserify/-/console-browserify-1.1.0.tgz#f0241c45730a9fc6323b206dbf38edc741d0bb10"
  dependencies:
    date-now "^0.1.4"

constants-browserify@^1.0.0:
  version "1.0.0"
  resolved "https://registry.yarnpkg.com/constants-browserify/-/constants-browserify-1.0.0.tgz#c20b96d8c617748aaf1c16021760cd27fcb8cb75"

core-js@^1.0.0:
  version "1.2.7"
  resolved "https://registry.yarnpkg.com/core-js/-/core-js-1.2.7.tgz#652294c14651db28fa93bd2d5ff2983a4f08c636"

core-js@^2.4.0:
  version "2.4.1"
  resolved "https://registry.yarnpkg.com/core-js/-/core-js-2.4.1.tgz#4de911e667b0eae9124e34254b53aea6fc618d3e"

core-js@^2.6.10:
  version "2.6.11"
  resolved "https://registry.yarnpkg.com/core-js/-/core-js-2.6.11.tgz#38831469f9922bded8ee21c9dc46985e0399308c"
  integrity sha512-5wjnpaT/3dV+XB4borEsnAYQchn00XSgTAWKDkEqv+K8KevjbzmofK6hfJ9TZIlpj2N0xQpazy7PiRQiWHqzWg==

create-ecdh@^4.0.0:
  version "4.0.0"
  resolved "https://registry.yarnpkg.com/create-ecdh/-/create-ecdh-4.0.0.tgz#888c723596cdf7612f6498233eebd7a35301737d"
  dependencies:
    bn.js "^4.1.0"
    elliptic "^6.0.0"

create-hash@^1.1.0, create-hash@^1.1.1, create-hash@^1.1.2:
  version "1.1.3"
  resolved "https://registry.yarnpkg.com/create-hash/-/create-hash-1.1.3.tgz#606042ac8b9262750f483caddab0f5819172d8fd"
  dependencies:
    cipher-base "^1.0.1"
    inherits "^2.0.1"
    ripemd160 "^2.0.0"
    sha.js "^2.4.0"

create-hmac@^1.1.0, create-hmac@^1.1.2, create-hmac@^1.1.4:
  version "1.1.6"
  resolved "https://registry.yarnpkg.com/create-hmac/-/create-hmac-1.1.6.tgz#acb9e221a4e17bdb076e90657c42b93e3726cf06"
  dependencies:
    cipher-base "^1.0.3"
    create-hash "^1.1.0"
    inherits "^2.0.1"
    ripemd160 "^2.0.0"
    safe-buffer "^5.0.1"
    sha.js "^2.4.8"

crypto-browserify@^3.11.0:
  version "3.11.1"
  resolved "https://registry.yarnpkg.com/crypto-browserify/-/crypto-browserify-3.11.1.tgz#948945efc6757a400d6e5e5af47194d10064279f"
  dependencies:
    browserify-cipher "^1.0.0"
    browserify-sign "^4.0.0"
    create-ecdh "^4.0.0"
    create-hash "^1.1.0"
    create-hmac "^1.1.0"
    diffie-hellman "^5.0.0"
    inherits "^2.0.1"
    pbkdf2 "^3.0.3"
    public-encrypt "^4.0.0"
    randombytes "^2.0.0"

css-in-js-utils@^1.0.3:
  version "1.0.3"
  resolved "https://registry.yarnpkg.com/css-in-js-utils/-/css-in-js-utils-1.0.3.tgz#9ac7e02f763cf85d94017666565ed68a5b5f3215"
  dependencies:
    hyphenate-style-name "^1.0.2"

d3-array@^0.7.1, d3-array@~0.7.0:
  version "0.7.1"
  resolved "https://registry.yarnpkg.com/d3-array/-/d3-array-0.7.1.tgz#a321c21558459d994eb4ad47b478240e64933942"
  integrity sha1-oyHCFVhFnZlOtK1HtHgkDmSTOUI=

d3-array@^1.2.0:
  version "1.2.4"
  resolved "https://registry.yarnpkg.com/d3-array/-/d3-array-1.2.4.tgz#635ce4d5eea759f6f605863dbcfc30edc737f71f"
  integrity sha512-KHW6M86R+FUPYGb3R5XiYjXPq7VzwxZ22buHhAEVG5ztoEcZZMLov530mmccaqA1GghZArjQV46fuc8kUqhhHw==

d3-axis@^0.3.0:
  version "0.3.2"
  resolved "https://registry.yarnpkg.com/d3-axis/-/d3-axis-0.3.2.tgz#222c97909c3fff72ddc5d6991fae23926eec7485"
  integrity sha1-IiyXkJw//3LdxdaZH64jkm7sdIU=
  dependencies:
    d3-scale "~0.7.0"
    d3-selection "~0.7.0"
    d3-transition "~0.2.0"

d3-collection@1:
  version "1.0.7"
  resolved "https://registry.yarnpkg.com/d3-collection/-/d3-collection-1.0.7.tgz#349bd2aa9977db071091c13144d5e4f16b5b310e"
  integrity sha512-ii0/r5f4sjKNTfh84Di+DpztYwqKhEyUlKoPrzUFfeSkWxjW49xU2QzO9qrPrNkpdI0XJkfzvmTu8V2Zylln6A==

d3-collection@~0.1.0:
  version "0.1.2"
  resolved "https://registry.yarnpkg.com/d3-collection/-/d3-collection-0.1.2.tgz#d1495f5720add3835117e1916607d2b05b186c5a"
  integrity sha1-0UlfVyCt04NRF+GRZgfSsFsYbFo=

d3-collection@~0.2.0:
  version "0.2.0"
  resolved "https://registry.yarnpkg.com/d3-collection/-/d3-collection-0.2.0.tgz#0a7cf362d823f0c65057cc075f4e441c31c300fa"
  integrity sha1-CnzzYtgj8MZQV8wHX05EHDHDAPo=

d3-color@1:
  version "1.4.1"
  resolved "https://registry.yarnpkg.com/d3-color/-/d3-color-1.4.1.tgz#c52002bf8846ada4424d55d97982fef26eb3bc8a"
  integrity sha512-p2sTHSLCJI2QKunbGb7ocOh7DgTAn8IrLx21QRc/BSnodXM4sv6aLQlnfpvehFMLZEfBc6g9pH9SWQccFYfJ9Q==

d3-color@~0.4.0:
  version "0.4.2"
  resolved "https://registry.yarnpkg.com/d3-color/-/d3-color-0.4.2.tgz#df013e789d9bfef0f8ea3986c92340cdf340d8a0"
  integrity sha1-3wE+eJ2b/vD46jmGySNAzfNA2KA=

d3-dispatch@~0.4.0:
  version "0.4.4"
  resolved "https://registry.yarnpkg.com/d3-dispatch/-/d3-dispatch-0.4.4.tgz#4bba683e0a4dbcdd2697332c745adc7c112d2a54"
  integrity sha1-S7poPgpNvN0mlzMsdFrcfBEtKlQ=

d3-ease@~0.7.0:
  version "0.7.0"
  resolved "https://registry.yarnpkg.com/d3-ease/-/d3-ease-0.7.0.tgz#1aa5edf58e3d6e7bbd6a000c00a131a9e018103c"
  integrity sha1-GqXt9Y49bnu9agAMAKExqeAYEDw=

d3-format@1:
  version "1.4.5"
  resolved "https://registry.yarnpkg.com/d3-format/-/d3-format-1.4.5.tgz#374f2ba1320e3717eb74a9356c67daee17a7edb4"
  integrity sha512-J0piedu6Z8iB6TbIGfZgDzfXxUFN3qQRMofy2oPdXzQibYGqPB/9iMcxr/TGalU+2RsyDO+U4f33id8tbnSRMQ==

d3-format@~0.5.0:
  version "0.5.1"
  resolved "https://registry.yarnpkg.com/d3-format/-/d3-format-0.5.1.tgz#9447d7c95c84b15d34c138975dbf0489a412e405"
  integrity sha1-lEfXyVyEsV00wTiXXb8EiaQS5AU=

d3-interpolate@1, d3-interpolate@^1.3.0:
  version "1.4.0"
  resolved "https://registry.yarnpkg.com/d3-interpolate/-/d3-interpolate-1.4.0.tgz#526e79e2d80daa383f9e0c1c1c7dcc0f0583e987"
  integrity sha512-V9znK0zc3jOPV4VD2zZn0sDhZU3WAE2bmlxdIwwQPPzPjvyLkd8B3JUVdS1IDUFDkWZ72c9qnv1GK2ZagTZ8EA==
  dependencies:
    d3-color "1"

d3-interpolate@~0.7.0:
  version "0.7.0"
  resolved "https://registry.yarnpkg.com/d3-interpolate/-/d3-interpolate-0.7.0.tgz#1f9ff17cd8c90b7f121f6743e6ef1062dfe898d1"
  integrity sha1-H5/xfNjJC38SH2dD5u8QYt/omNE=
  dependencies:
    d3-color "~0.4.0"

d3-interpolate@~0.8.0:
  version "0.8.3"
  resolved "https://registry.yarnpkg.com/d3-interpolate/-/d3-interpolate-0.8.3.tgz#a8e564a60f6dc384ef112c206e51a19e6d884981"
  integrity sha1-qOVkpg9tw4TvESwgblGhnm2ISYE=
  dependencies:
    d3-color "~0.4.0"

d3-path@1:
  version "1.0.9"
  resolved "https://registry.yarnpkg.com/d3-path/-/d3-path-1.0.9.tgz#48c050bb1fe8c262493a8caf5524e3e9591701cf"
  integrity sha512-VLaYcn81dtHVTjEHd8B+pbe9yHWpXKZUC87PzoFmsFrJqgFwDe/qxfp5MlfsfM1V5E/iVt0MmEbWQ7FVIXh/bg==

d3-path@~0.1.3:
  version "0.1.5"
  resolved "https://registry.yarnpkg.com/d3-path/-/d3-path-0.1.5.tgz#7f62e06512786f42e3ba775bb66027afcc855629"
  integrity sha1-f2LgZRJ4b0LjundbtmAnr8yFVik=

d3-scale@^0.6.4:
  version "0.6.4"
  resolved "https://registry.yarnpkg.com/d3-scale/-/d3-scale-0.6.4.tgz#e398e146fa53dec5370ed1f045ef0426c1a3fd90"
  integrity sha1-45jhRvpT3sU3DtHwRe8EJsGj/ZA=
  dependencies:
    d3-array "~0.7.0"
    d3-collection "~0.1.0"
    d3-color "~0.4.0"
    d3-format "~0.5.0"
    d3-interpolate "~0.7.0"
    d3-time "~0.2.0"
    d3-time-format "~0.3.0"

d3-scale@^2.1.0:
  version "2.2.2"
  resolved "https://registry.yarnpkg.com/d3-scale/-/d3-scale-2.2.2.tgz#4e880e0b2745acaaddd3ede26a9e908a9e17b81f"
  integrity sha512-LbeEvGgIb8UMcAa0EATLNX0lelKWGYDQiPdHj+gLblGVhGLyNbaCn3EvrJf0A3Y/uOOU5aD6MTh5ZFCdEwGiCw==
  dependencies:
    d3-array "^1.2.0"
    d3-collection "1"
    d3-format "1"
    d3-interpolate "1"
    d3-time "1"
    d3-time-format "2"

d3-scale@~0.7.0:
  version "0.7.2"
  resolved "https://registry.yarnpkg.com/d3-scale/-/d3-scale-0.7.2.tgz#6b2cd8b9f4fb82b8d4a6c6879a1ef89077961105"
  integrity sha1-ayzYufT7grjUpsaHmh74kHeWEQU=
  dependencies:
    d3-array "~0.7.0"
    d3-collection "~0.2.0"
    d3-color "~0.4.0"
    d3-format "~0.5.0"
    d3-interpolate "~0.8.0"
    d3-time "~0.2.0"
    d3-time-format "~0.3.0"

d3-selection@^0.7.0, d3-selection@~0.7.0:
  version "0.7.3"
  resolved "https://registry.yarnpkg.com/d3-selection/-/d3-selection-0.7.3.tgz#49ced783000a9a3fa0776fed30f0802da4471194"
  integrity sha1-Sc7XgwAKmj+gd2/tMPCALaRHEZQ=

d3-shape@^0.5.1:
  version "0.5.1"
  resolved "https://registry.yarnpkg.com/d3-shape/-/d3-shape-0.5.1.tgz#8fa06b08ab07276168d51e24c7cbf1a57287c2bf"
  integrity sha1-j6BrCKsHJ2Fo1R4kx8vxpXKHwr8=
  dependencies:
    d3-path "~0.1.3"

d3-shape@^1.2.0:
  version "1.3.7"
  resolved "https://registry.yarnpkg.com/d3-shape/-/d3-shape-1.3.7.tgz#df63801be07bc986bc54f63789b4fe502992b5d7"
  integrity sha512-EUkvKjqPFUAZyOlhY5gzCxCeI0Aep04LwIRpsZ/mLFelJiUfnK56jo5JMDSE7yyP2kLSb6LtF+S5chMk7uqPqw==
  dependencies:
    d3-path "1"

d3-time-format@2:
  version "2.3.0"
  resolved "https://registry.yarnpkg.com/d3-time-format/-/d3-time-format-2.3.0.tgz#107bdc028667788a8924ba040faf1fbccd5a7850"
  integrity sha512-guv6b2H37s2Uq/GefleCDtbe0XZAuy7Wa49VGkPVPMfLL9qObgBST3lEHJBMUp8S7NdLQAGIvr2KXk8Hc98iKQ==
  dependencies:
    d3-time "1"

d3-time-format@~0.3.0:
  version "0.3.2"
  resolved "https://registry.yarnpkg.com/d3-time-format/-/d3-time-format-0.3.2.tgz#9c30e90a4078f93fac15e27b2016865488c007c1"
  integrity sha1-nDDpCkB4+T+sFeJ7IBaGVIjAB8E=
  dependencies:
    d3-time "~0.2.0"

d3-time@1:
  version "1.1.0"
  resolved "https://registry.yarnpkg.com/d3-time/-/d3-time-1.1.0.tgz#b1e19d307dae9c900b7e5b25ffc5dcc249a8a0f1"
  integrity sha512-Xh0isrZ5rPYYdqhAVk8VLnMEidhz5aP7htAADH6MfzgmmicPkTo8LhkLxci61/lCB7n7UmE3bN0leRt+qvkLxA==

d3-time@~0.2.0:
  version "0.2.6"
  resolved "https://registry.yarnpkg.com/d3-time/-/d3-time-0.2.6.tgz#587553e9ea9e055462d419c7aa94e9477be15cb0"
  integrity sha1-WHVT6eqeBVRi1BnHqpTpR3vhXLA=

d3-timer@~0.4.0:
  version "0.4.4"
  resolved "https://registry.yarnpkg.com/d3-timer/-/d3-timer-0.4.4.tgz#dc3d2feda22d275b2478ee036483d09231327e22"
  integrity sha1-3D0v7aItJ1skeO4DZIPQkjEyfiI=

d3-transition@~0.2.0:
  version "0.2.10"
  resolved "https://registry.yarnpkg.com/d3-transition/-/d3-transition-0.2.10.tgz#73227d2bb2d0939bf464092e7cc9b39730559c94"
  integrity sha1-cyJ9K7LQk5v0ZAkufMmzlzBVnJQ=
  dependencies:
    d3-color "~0.4.0"
    d3-dispatch "~0.4.0"
    d3-ease "~0.7.0"
    d3-interpolate "~0.8.0"
    d3-selection "~0.7.0"
    d3-timer "~0.4.0"

d3@^3.5.6:
  version "3.5.17"
  resolved "https://registry.yarnpkg.com/d3/-/d3-3.5.17.tgz#bc46748004378b21a360c9fc7cf5231790762fb8"
  integrity sha1-vEZ0gAQ3iyGjYMn8fPUjF5B2L7g=

date-now@^0.1.4:
  version "0.1.4"
  resolved "https://registry.yarnpkg.com/date-now/-/date-now-0.1.4.tgz#eaf439fd4d4848ad74e5cc7dbef200672b9e345b"

decimal.js-light@^2.4.1:
  version "2.5.0"
  resolved "https://registry.yarnpkg.com/decimal.js-light/-/decimal.js-light-2.5.0.tgz#ca7faf504c799326df94b0ab920424fdfc125348"
  integrity sha512-b3VJCbd2hwUpeRGG3Toob+CRo8W22xplipNhP3tN7TSVB/cyMX71P1vM2Xjc9H74uV6dS2hDDmo/rHq8L87Upg==

des.js@^1.0.0:
  version "1.0.0"
  resolved "https://registry.yarnpkg.com/des.js/-/des.js-1.0.0.tgz#c074d2e2aa6a8a9a07dbd61f9a15c2cd83ec8ecc"
  dependencies:
    inherits "^2.0.1"
    minimalistic-assert "^1.0.0"

diffie-hellman@^5.0.0:
  version "5.0.2"
  resolved "https://registry.yarnpkg.com/diffie-hellman/-/diffie-hellman-5.0.2.tgz#b5835739270cfe26acf632099fded2a07f209e5e"
  dependencies:
    bn.js "^4.1.0"
    miller-rabin "^4.0.0"
    randombytes "^2.0.0"

dom-helpers@^3.2.0:
  version "3.2.1"
  resolved "https://registry.yarnpkg.com/dom-helpers/-/dom-helpers-3.2.1.tgz#3203e07fed217bd1f424b019735582fc37b2825a"

dom-helpers@^3.4.0:
  version "3.4.0"
  resolved "https://registry.yarnpkg.com/dom-helpers/-/dom-helpers-3.4.0.tgz#e9b369700f959f62ecde5a6babde4bccd9169af8"
  integrity sha512-LnuPJ+dwqKDIyotW1VzmOZ5TONUN7CwkCR5hrgawTUbkBGYdeoNLZo6nNfGkCrjtE1nXXaj7iMMpDa8/d9WoIA==
  dependencies:
    "@babel/runtime" "^7.1.2"

domain-browser@^1.1.7:
  version "1.1.7"
  resolved "https://registry.yarnpkg.com/domain-browser/-/domain-browser-1.1.7.tgz#867aa4b093faa05f1de08c06f4d7b21fdf8698bc"

elliptic@^6.0.0:
  version "6.4.0"
  resolved "https://registry.yarnpkg.com/elliptic/-/elliptic-6.4.0.tgz#cac9af8762c85836187003c8dfe193e5e2eae5df"
  dependencies:
    bn.js "^4.4.0"
    brorand "^1.0.1"
    hash.js "^1.0.0"
    hmac-drbg "^1.0.0"
    inherits "^2.0.1"
    minimalistic-assert "^1.0.0"
    minimalistic-crypto-utils "^1.0.0"

encoding@^0.1.11:
  version "0.1.12"
  resolved "https://registry.yarnpkg.com/encoding/-/encoding-0.1.12.tgz#538b66f3ee62cd1ab51ec323829d1f9480c74beb"
  dependencies:
    iconv-lite "~0.4.13"

events@^1.1.1:
  version "1.1.1"
  resolved "https://registry.yarnpkg.com/events/-/events-1.1.1.tgz#9ebdb7635ad099c70dcc4c2a1f5004288e8bd924"

evp_bytestokey@^1.0.0:
  version "1.0.0"
  resolved "https://registry.yarnpkg.com/evp_bytestokey/-/evp_bytestokey-1.0.0.tgz#497b66ad9fef65cd7c08a6180824ba1476b66e53"
  dependencies:
    create-hash "^1.1.1"

fbjs@^0.8.1, fbjs@^0.8.4, fbjs@^0.8.6, fbjs@^0.8.9:
  version "0.8.12"
  resolved "https://registry.yarnpkg.com/fbjs/-/fbjs-0.8.12.tgz#10b5d92f76d45575fd63a217d4ea02bea2f8ed04"
  dependencies:
    core-js "^1.0.0"
    isomorphic-fetch "^2.1.1"
    loose-envify "^1.0.0"
    object-assign "^4.1.0"
    promise "^7.1.1"
    setimmediate "^1.0.5"
    ua-parser-js "^0.7.9"

fs@0.0.1-security:
  version "0.0.1-security"
  resolved "https://registry.yarnpkg.com/fs/-/fs-0.0.1-security.tgz#8a7bd37186b6dddf3813f23858b57ecaaf5e41d4"
  integrity sha1-invTcYa23d84E/I4WLV+yq9eQdQ=

hash-base@^2.0.0:
  version "2.0.2"
  resolved "https://registry.yarnpkg.com/hash-base/-/hash-base-2.0.2.tgz#66ea1d856db4e8a5470cadf6fce23ae5244ef2e1"
  dependencies:
    inherits "^2.0.1"

hash.js@^1.0.0, hash.js@^1.0.3:
  version "1.1.3"
  resolved "https://registry.yarnpkg.com/hash.js/-/hash.js-1.1.3.tgz#340dedbe6290187151c1ea1d777a3448935df846"
  dependencies:
    inherits "^2.0.3"
    minimalistic-assert "^1.0.0"

history@^4.5.0, history@^4.6.3, history@^4.7.2:
  version "4.10.1"
  resolved "https://registry.yarnpkg.com/history/-/history-4.10.1.tgz#33371a65e3a83b267434e2b3f3b1b4c58aad4cf3"
  integrity sha512-36nwAD620w12kuzPAsyINPWJqlNbij+hpK1k9XRloDtym8mxzGYl2c17LnV6IAGB2Dmg4tEa7G7DlawS0+qjew==
  dependencies:
    "@babel/runtime" "^7.1.2"
    loose-envify "^1.2.0"
    resolve-pathname "^3.0.0"
    tiny-invariant "^1.0.2"
    tiny-warning "^1.0.0"
    value-equal "^1.0.1"

hmac-drbg@^1.0.0:
  version "1.0.1"
  resolved "https://registry.yarnpkg.com/hmac-drbg/-/hmac-drbg-1.0.1.tgz#d2745701025a6c775a6c545793ed502fc0c649a1"
  dependencies:
    hash.js "^1.0.3"
    minimalistic-assert "^1.0.0"
    minimalistic-crypto-utils "^1.0.1"

hoist-non-react-statics@^1.0.0:
  version "1.2.0"
  resolved "https://registry.yarnpkg.com/hoist-non-react-statics/-/hoist-non-react-statics-1.2.0.tgz#aa448cf0986d55cc40773b17174b7dd066cb7cfb"

hoist-non-react-statics@^2.5.0:
  version "2.5.5"
  resolved "https://registry.yarnpkg.com/hoist-non-react-statics/-/hoist-non-react-statics-2.5.5.tgz#c5903cf409c0dfd908f388e619d86b9c1174cb47"
  integrity sha512-rqcy4pJo55FTTLWt+bU8ukscqHeE/e9KWvsOW2b/a3afxQZhwkQdT1rPPCJ0rYXdj4vNcasY8zHTH+jF/qStxw==

http-browserify@^1.7.0:
  version "1.7.0"
  resolved "https://registry.yarnpkg.com/http-browserify/-/http-browserify-1.7.0.tgz#33795ade72df88acfbfd36773cefeda764735b20"
  dependencies:
    Base64 "~0.2.0"
    inherits "~2.0.1"

https-browserify@0.0.1:
  version "0.0.1"
  resolved "https://registry.yarnpkg.com/https-browserify/-/https-browserify-0.0.1.tgz#3f91365cabe60b77ed0ebba24b454e3e09d95a82"

hyphenate-style-name@^1.0.2:
  version "1.0.2"
  resolved "https://registry.yarnpkg.com/hyphenate-style-name/-/hyphenate-style-name-1.0.2.tgz#31160a36930adaf1fc04c6074f7eb41465d4ec4b"

iconv-lite@~0.4.13:
  version "0.4.18"
  resolved "https://registry.yarnpkg.com/iconv-lite/-/iconv-lite-0.4.18.tgz#23d8656b16aae6742ac29732ea8f0336a4789cf2"

ieee754@^1.1.4:
  version "1.1.8"
  resolved "https://registry.yarnpkg.com/ieee754/-/ieee754-1.1.8.tgz#be33d40ac10ef1926701f6f08a2d86fbfd1ad3e4"

indexof@0.0.1:
  version "0.0.1"
  resolved "https://registry.yarnpkg.com/indexof/-/indexof-0.0.1.tgz#82dc336d232b9062179d05ab3293a66059fd435d"

inherits@2.0.1:
  version "2.0.1"
  resolved "https://registry.yarnpkg.com/inherits/-/inherits-2.0.1.tgz#b17d08d326b4423e568eff719f91b0b1cbdf69f1"

inherits@^2.0.1, inherits@^2.0.3, inherits@~2.0.1:
  version "2.0.3"
  resolved "https://registry.yarnpkg.com/inherits/-/inherits-2.0.3.tgz#633c2c83e3da42a502f52466022480f4208261de"

inline-style-prefixer@^3.0.2:
  version "3.0.6"
  resolved "https://registry.yarnpkg.com/inline-style-prefixer/-/inline-style-prefixer-3.0.6.tgz#b27fe309b4168a31eaf38c8e8c60ab9e7c11731f"
  dependencies:
    bowser "^1.6.0"
    css-in-js-utils "^1.0.3"

invariant@^2.2.4:
  version "2.2.4"
  resolved "https://registry.yarnpkg.com/invariant/-/invariant-2.2.4.tgz#610f3c92c9359ce1db616e538008d23ff35158e6"
  integrity sha512-phJfQVBuaJM5raOpJjSfkiD6BpbCE4Ns//LaXl6wGYtUBY83nWS6Rf9tXm2e8VaK60JEjYldbPif/A2B1C2gNA==
  dependencies:
    loose-envify "^1.0.0"

is-stream@^1.0.1:
  version "1.1.0"
  resolved "https://registry.yarnpkg.com/is-stream/-/is-stream-1.1.0.tgz#12d4a3dd4e68e0b79ceb8dbc84173ae80d91ca44"

isarray@0.0.1:
  version "0.0.1"
  resolved "https://registry.yarnpkg.com/isarray/-/isarray-0.0.1.tgz#8a18acfca9a8f4177e09abfc6038939b05d1eedf"

isarray@^1.0.0, isarray@~1.0.0:
  version "1.0.0"
  resolved "https://registry.yarnpkg.com/isarray/-/isarray-1.0.0.tgz#bb935d48582cba168c06834957a54a3e07124f11"

isomorphic-fetch@^2.1.1:
  version "2.2.1"
  resolved "https://registry.yarnpkg.com/isomorphic-fetch/-/isomorphic-fetch-2.2.1.tgz#611ae1acf14f5e81f729507472819fe9733558a9"
  dependencies:
    node-fetch "^1.0.1"
    whatwg-fetch ">=0.10.0"

js-tokens@^3.0.0:
  version "3.0.2"
  resolved "https://registry.yarnpkg.com/js-tokens/-/js-tokens-3.0.2.tgz#9866df395102130e38f7f996bceb65443209c25b"

"js-tokens@^3.0.0 || ^4.0.0":
  version "4.0.0"
  resolved "https://registry.yarnpkg.com/js-tokens/-/js-tokens-4.0.0.tgz#19203fb59991df98e3a287050d4647cdeaf32499"
  integrity sha512-RdJUflcE3cUzKiMqQgsCu06FPu9UdIJO0beYbPhHN4k6apgJtifcoCtT9bcxOpYBtpD2kCM6Sbzg4CausW/PKQ==

jsonfile@~2.3.1:
  version "2.3.1"
  resolved "https://registry.yarnpkg.com/jsonfile/-/jsonfile-2.3.1.tgz#28bcb29c596b5b7aafd34e662a329ba62cd842fc"
  integrity sha1-KLyynFlrW3qv005mKjKbpizYQvw=

keycode@^2.1.8:
  version "2.1.9"
  resolved "https://registry.yarnpkg.com/keycode/-/keycode-2.1.9.tgz#964a23c54e4889405b4861a5c9f0480d45141dfa"

linkedin-pdf-to-json@^1.5.2:
  version "1.5.2"
  resolved "https://registry.yarnpkg.com/linkedin-pdf-to-json/-/linkedin-pdf-to-json-1.5.2.tgz#5f1686d603b583a4e8f5af19c87dc2df0f22baf6"
  integrity sha1-XxaG1gO1g6To9a8ZyH3C3w8iuvY=
  dependencies:
    jsonfile "~2.3.1"
    pdf-text "git://github.com/isaacmast/node-pdf-text.git#master"

lodash.debounce@^4.0.8:
  version "4.0.8"
  resolved "https://registry.yarnpkg.com/lodash.debounce/-/lodash.debounce-4.0.8.tgz#82d79bff30a67c4005ffd5e2515300ad9ca4d7af"
  integrity sha1-gteb/zCmfEAF/9XiUVMArZyk168=

lodash.merge@^4.6.0:
  version "4.6.0"
  resolved "https://registry.yarnpkg.com/lodash.merge/-/lodash.merge-4.6.0.tgz#69884ba144ac33fe699737a6086deffadd0f89c5"

lodash.throttle@^4.1.1:
  version "4.1.1"
  resolved "https://registry.yarnpkg.com/lodash.throttle/-/lodash.throttle-4.1.1.tgz#c23e91b710242ac70c37f1e1cda9274cc39bf2f4"

lodash@^4.17.13, lodash@^4.17.5, lodash@~4.17.4:
  version "4.17.20"
  resolved "https://registry.yarnpkg.com/lodash/-/lodash-4.17.20.tgz#b44a9b6297bcb698f1c51a3545a2b3b368d59c52"
  integrity sha512-PlhdFcillOINfeV7Ni6oF1TAEayyZBoZ8bcshTHqOYJYlrqzRK5hagpagky5o4HfCzzd1TRkXPMFq6cKk9rGmA==

lodash@~2.3.0:
  version "2.3.0"
  resolved "https://registry.yarnpkg.com/lodash/-/lodash-2.3.0.tgz#dfbdac99cf87a59a022c474730570d8716c267dd"
  integrity sha1-372smc+HpZoCLEdHMFcNhxbCZ90=

loose-envify@^1.0.0, loose-envify@^1.1.0, loose-envify@^1.2.0, loose-envify@^1.3.1:
  version "1.3.1"
  resolved "https://registry.yarnpkg.com/loose-envify/-/loose-envify-1.3.1.tgz#d1a8ad33fa9ce0e713d65fdd0ac8b748d478c848"
  dependencies:
    js-tokens "^3.0.0"

loose-envify@^1.4.0:
  version "1.4.0"
  resolved "https://registry.yarnpkg.com/loose-envify/-/loose-envify-1.4.0.tgz#71ee51fa7be4caec1a63839f7e682d8132d30caf"
  integrity sha512-lyuxPGr/Wfhrlem2CL/UcnUc1zcqKAImBDzukY7Y5F/yQiNdko6+fRLevlw1HgMySw7f611UIY408EtxRSoK3Q==
  dependencies:
    js-tokens "^3.0.0 || ^4.0.0"

material-ui@^0.18.6:
  version "0.18.6"
  resolved "https://registry.yarnpkg.com/material-ui/-/material-ui-0.18.6.tgz#29b8ef78952872c821e8599e5edd9ae276dcdaae"
  dependencies:
    babel-runtime "^6.23.0"
    inline-style-prefixer "^3.0.2"
    keycode "^2.1.8"
    lodash.merge "^4.6.0"
    lodash.throttle "^4.1.1"
    prop-types "^15.5.7"
    react-event-listener "^0.4.5"
    react-transition-group "^1.1.2"
    recompose "0.23.4"
    simple-assign "^0.1.0"
    warning "^3.0.0"

math-expression-evaluator@^1.2.14:
  version "1.2.22"
  resolved "https://registry.yarnpkg.com/math-expression-evaluator/-/math-expression-evaluator-1.2.22.tgz#c14dcb3d8b4d150e5dcea9c68c8dad80309b0d5e"
  integrity sha512-L0j0tFVZBQQLeEjmWOvDLoRciIY8gQGWahvkztXUal8jH8R5Rlqo9GCvgqvXcy9LQhEWdQCVvzqAbxgYNt4blQ==

meteor-node-stubs@~0.2.4:
  version "0.2.11"
  resolved "https://registry.yarnpkg.com/meteor-node-stubs/-/meteor-node-stubs-0.2.11.tgz#715e4ec1ce888248b29604e16d092256b0cb7e34"
  dependencies:
    assert "^1.4.1"
    browserify-zlib "^0.1.4"
    buffer "^4.9.1"
    console-browserify "^1.1.0"
    constants-browserify "^1.0.0"
    crypto-browserify "^3.11.0"
    domain-browser "^1.1.7"
    events "^1.1.1"
    http-browserify "^1.7.0"
    https-browserify "0.0.1"
    os-browserify "^0.2.1"
    path-browserify "0.0.0"
    process "^0.11.9"
    punycode "^1.4.1"
    querystring-es3 "^0.2.1"
    readable-stream "git+https://github.com/meteor/readable-stream.git"
    stream-browserify "^2.0.1"
    string_decoder "^1.0.1"
    timers-browserify "^1.4.2"
    tty-browserify "0.0.0"
    url "^0.11.0"
    util "^0.10.3"
    vm-browserify "0.0.4"

miller-rabin@^4.0.0:
  version "4.0.0"
  resolved "https://registry.yarnpkg.com/miller-rabin/-/miller-rabin-4.0.0.tgz#4a62fb1d42933c05583982f4c716f6fb9e6c6d3d"
  dependencies:
    bn.js "^4.0.0"
    brorand "^1.0.1"

minimalistic-assert@^1.0.0:
  version "1.0.0"
  resolved "https://registry.yarnpkg.com/minimalistic-assert/-/minimalistic-assert-1.0.0.tgz#702be2dda6b37f4836bcb3f5db56641b64a1d3d3"

minimalistic-crypto-utils@^1.0.0, minimalistic-crypto-utils@^1.0.1:
  version "1.0.1"
  resolved "https://registry.yarnpkg.com/minimalistic-crypto-utils/-/minimalistic-crypto-utils-1.0.1.tgz#f6c00c1c0b082246e5c4d99dfb8c7c083b2b582a"

minimist@~0.0.1:
  version "0.0.10"
  resolved "https://registry.yarnpkg.com/minimist/-/minimist-0.0.10.tgz#de3f98543dbf96082be48ad1a0c7cda836301dcf"
  integrity sha1-3j+YVD2/lggr5IrRoMfNqDYwHc8=

node-fetch@^1.0.1:
  version "1.7.1"
  resolved "https://registry.yarnpkg.com/node-fetch/-/node-fetch-1.7.1.tgz#899cb3d0a3c92f952c47f1b876f4c8aeabd400d5"
  dependencies:
    encoding "^0.1.11"
    is-stream "^1.0.1"

object-assign@^4.1.0, object-assign@^4.1.1:
  version "4.1.1"
  resolved "https://registry.yarnpkg.com/object-assign/-/object-assign-4.1.1.tgz#2109adc7965887cfc05cbbd442cac8bfbb360863"

optimist@>=0.3.5, optimist@^0.6.1:
  version "0.6.1"
  resolved "https://registry.yarnpkg.com/optimist/-/optimist-0.6.1.tgz#da3ea74686fa21a19a111c326e90eb15a0196686"
  integrity sha1-2j6nRob6IaGaERwybpDrFaAZZoY=
  dependencies:
    minimist "~0.0.1"
    wordwrap "~0.0.2"

os-browserify@^0.2.1:
  version "0.2.1"
  resolved "https://registry.yarnpkg.com/os-browserify/-/os-browserify-0.2.1.tgz#63fc4ccee5d2d7763d26bbf8601078e6c2e0044f"

pako@~0.2.0:
  version "0.2.9"
  resolved "https://registry.yarnpkg.com/pako/-/pako-0.2.9.tgz#f3f7522f4ef782348da8161bad9ecfd51bf83a75"

parse-asn1@^5.0.0:
  version "5.1.0"
  resolved "https://registry.yarnpkg.com/parse-asn1/-/parse-asn1-5.1.0.tgz#37c4f9b7ed3ab65c74817b5f2480937fbf97c712"
  dependencies:
    asn1.js "^4.0.0"
    browserify-aes "^1.0.0"
    create-hash "^1.1.0"
    evp_bytestokey "^1.0.0"
    pbkdf2 "^3.0.3"

path-browserify@0.0.0:
  version "0.0.0"
  resolved "https://registry.yarnpkg.com/path-browserify/-/path-browserify-0.0.0.tgz#a0b870729aae214005b7d5032ec2cbbb0fb4451a"

path-to-regexp@^1.7.0:
  version "1.8.0"
  resolved "https://registry.yarnpkg.com/path-to-regexp/-/path-to-regexp-1.8.0.tgz#887b3ba9d84393e87a0a0b9f4cb756198b53548a"
  integrity sha512-n43JRhlUKUAlibEJhPeir1ncUID16QnEjNpwzNdO3Lm4ywrBpBZ5oLD0I6br9evr1Y9JTqwRtAh7JLoOzAQdVA==
  dependencies:
    isarray "0.0.1"

pbkdf2@^3.0.3:
  version "3.0.12"
  resolved "https://registry.yarnpkg.com/pbkdf2/-/pbkdf2-3.0.12.tgz#be36785c5067ea48d806ff923288c5f750b6b8a2"
  dependencies:
    create-hash "^1.1.2"
    create-hmac "^1.1.4"
    ripemd160 "^2.0.1"
    safe-buffer "^5.0.1"
    sha.js "^2.4.8"

"pdf-text@git://github.com/isaacmast/node-pdf-text.git#master":
  version "0.4.0"
  resolved "git://github.com/isaacmast/node-pdf-text.git#3b6fe0c9488f826116a2f44b252d7cdfb1fe9d91"
  dependencies:
    lodash "~2.3.0"
    pdf3json "0.2.0"

pdf2json@^1.1.7:
  version "1.2.0"
  resolved "https://registry.yarnpkg.com/pdf2json/-/pdf2json-1.2.0.tgz#fdb395fad1d18248756cfbc758066a2f15b903bf"
  integrity sha512-Z/m+OFOe13Nn2SHQNSINZ6Mh2b8t2bK3whL3L6b5Av1wqDvotYvpMg1Zi8aEPV37jF0jG0yQ83c8XuuNbIsn6Q==
  dependencies:
    async "^3.2.0"
    lodash "^4.17.13"
    optimist "^0.6.1"
    xmldom "^0.3.0"

pdf3json@0.2.0:
  version "0.2.0"
  resolved "https://registry.yarnpkg.com/pdf3json/-/pdf3json-0.2.0.tgz#5892d77e30d5d41af379ce20268ff6a956c6fd85"
  integrity sha1-WJLXfjDV1Brzec4gJo/2qVbG/YU=
  dependencies:
    async ">=0.2.6"
    optimist ">=0.3.5"
    underscore ">=1.4.2"
    xmldom ">=0.1.13"

performance-now@^2.1.0:
  version "2.1.0"
  resolved "https://registry.yarnpkg.com/performance-now/-/performance-now-2.1.0.tgz#6309f4e0e5fa913ec1c69307ae364b4b377c9e7b"
  integrity sha1-Ywn04OX6kT7BxpMHrjZLSzd8nns=

process-nextick-args@~1.0.6:
  version "1.0.7"
  resolved "https://registry.yarnpkg.com/process-nextick-args/-/process-nextick-args-1.0.7.tgz#150e20b756590ad3f91093f25a4f2ad8bff30ba3"

process@^0.11.9, process@~0.11.0:
  version "0.11.10"
  resolved "https://registry.yarnpkg.com/process/-/process-0.11.10.tgz#7332300e840161bda3e69a1d1d91a7d4bc16f182"

promise@^7.1.1:
  version "7.3.1"
  resolved "https://registry.yarnpkg.com/promise/-/promise-7.3.1.tgz#064b72602b18f90f29192b8b1bc418ffd1ebd3bf"
  dependencies:
    asap "~2.0.3"

prop-types@^15.5.4, prop-types@^15.5.6, prop-types@^15.5.7:
  version "15.5.10"
  resolved "https://registry.yarnpkg.com/prop-types/-/prop-types-15.5.10.tgz#2797dfc3126182e3a95e3dfbb2e893ddd7456154"
  dependencies:
    fbjs "^0.8.9"
    loose-envify "^1.3.1"

prop-types@^15.6.0, prop-types@^15.6.1, prop-types@^15.6.2:
  version "15.7.2"
  resolved "https://registry.yarnpkg.com/prop-types/-/prop-types-15.7.2.tgz#52c41e75b8c87e72b9d9360e0206b99dcbffa6c5"
  integrity sha512-8QQikdH7//R2vurIJSutZ1smHYTcLpRWEOlHnzcWHmBYrOGUysKwSsrC89BCiFj3CbrfJ/nXFdJepOVrY1GCHQ==
  dependencies:
    loose-envify "^1.4.0"
    object-assign "^4.1.1"
    react-is "^16.8.1"

public-encrypt@^4.0.0:
  version "4.0.0"
  resolved "https://registry.yarnpkg.com/public-encrypt/-/public-encrypt-4.0.0.tgz#39f699f3a46560dd5ebacbca693caf7c65c18cc6"
  dependencies:
    bn.js "^4.1.0"
    browserify-rsa "^4.0.0"
    create-hash "^1.1.0"
    parse-asn1 "^5.0.0"
    randombytes "^2.0.1"

punycode@1.3.2:
  version "1.3.2"
  resolved "https://registry.yarnpkg.com/punycode/-/punycode-1.3.2.tgz#9653a036fb7c1ee42342f2325cceefea3926c48d"

punycode@^1.4.1:
  version "1.4.1"
  resolved "https://registry.yarnpkg.com/punycode/-/punycode-1.4.1.tgz#c0d5a63b2718800ad8e1eb0fa5269c84dd41845e"

query-selector@^1.0.9:
  version "1.0.9"
  resolved "https://registry.yarnpkg.com/query-selector/-/query-selector-1.0.9.tgz#917fd31b7379b53fd441e536af647552e01e7e9e"
  integrity sha1-kX/TG3N5tT/UQeU2r2R1UuAefp4=

querystring-es3@^0.2.1:
  version "0.2.1"
  resolved "https://registry.yarnpkg.com/querystring-es3/-/querystring-es3-0.2.1.tgz#9ec61f79049875707d69414596fd907a4d711e73"

querystring@0.2.0:
  version "0.2.0"
  resolved "https://registry.yarnpkg.com/querystring/-/querystring-0.2.0.tgz#b209849203bb25df820da756e747005878521620"

raf@^3.4.0:
  version "3.4.1"
  resolved "https://registry.yarnpkg.com/raf/-/raf-3.4.1.tgz#0742e99a4a6552f445d73e3ee0328af0ff1ede39"
  integrity sha512-Sq4CW4QhwOHE8ucn6J34MqtZCeWFP2aQSmrlroYgqAV1PjStIhJXxYuTgUIfkEk7zTLjmIjLmU5q+fbD1NnOJA==
  dependencies:
    performance-now "^2.1.0"

randombytes@^2.0.0, randombytes@^2.0.1:
  version "2.0.5"
  resolved "https://registry.yarnpkg.com/randombytes/-/randombytes-2.0.5.tgz#dc009a246b8d09a177b4b7a0ae77bc570f4b1b79"
  dependencies:
    safe-buffer "^5.1.0"

react-d3-basic@^1.6.11:
  version "1.6.11"
  resolved "https://registry.yarnpkg.com/react-d3-basic/-/react-d3-basic-1.6.11.tgz#6e0359434588e8da01294823ab8c0343aee5aa68"
  integrity sha1-bgNZQ0WI6NoBKUgjq4wDQ67lqmg=
  dependencies:
    d3-array "^0.7.1"
    d3-scale "^0.6.4"
    react-d3-core "^1.2.8"
    react-d3-shape "^0.2.13"
    react-faux-dom "^2.1.0"

react-d3-core@^1.2.8:
  version "1.3.9"
  resolved "https://registry.yarnpkg.com/react-d3-core/-/react-d3-core-1.3.9.tgz#4c88c995df75a74a03c082ab11fcb60e4b4e3bf3"
  integrity sha1-TIjJld91p0oDwIKrEfy2DktOO/M=
  dependencies:
    d3-array "^0.7.1"
    d3-axis "^0.3.0"
    d3-scale "^0.6.4"
    d3-selection "^0.7.0"
    react-faux-dom "^2.3.0"

react-d3-shape@^0.2.13:
  version "0.2.24"
  resolved "https://registry.yarnpkg.com/react-d3-shape/-/react-d3-shape-0.2.24.tgz#4197dc1f991e3af7622aceba5aadb2a8d0d3a489"
  integrity sha1-QZfcH5keOvdiKs66Wq2yqNDTpIk=
  dependencies:
    d3 "^3.5.6"
    d3-scale "^0.6.4"
    d3-shape "^0.5.1"
    react-d3-core "^1.2.8"

react-dom@^16.5.0:
  version "16.13.1"
  resolved "https://registry.yarnpkg.com/react-dom/-/react-dom-16.13.1.tgz#c1bd37331a0486c078ee54c4740720993b2e0e7f"
  integrity sha512-81PIMmVLnCNLO/fFOQxdQkvEq/+Hfpv24XNJfpyZhTRfO0QcmQIF/PgCa1zCOj2w1hrn12MFLyaJ/G0+Mxtfag==
  dependencies:
    loose-envify "^1.1.0"
    object-assign "^4.1.1"
    prop-types "^15.6.2"
    scheduler "^0.19.1"

react-event-listener@^0.4.5:
  version "0.4.5"
  resolved "https://registry.yarnpkg.com/react-event-listener/-/react-event-listener-0.4.5.tgz#e3e895a0970cf14ee8f890113af68197abf3d0b1"
  dependencies:
    babel-runtime "^6.20.0"
    fbjs "^0.8.4"
    prop-types "^15.5.4"
    warning "^3.0.0"

react-faux-dom@^2.1.0, react-faux-dom@^2.3.0:
  version "2.7.1"
  resolved "https://registry.yarnpkg.com/react-faux-dom/-/react-faux-dom-2.7.1.tgz#d59e1906715c34d1a9bdc4a9f48ee96c5d6fa86f"
  integrity sha1-1Z4ZBnFcNNGpvcSp9I7pbF1vqG8=
  dependencies:
    query-selector "^1.0.9"
    style-attr "^1.0.1"

react-history@^0.18.2:
  version "0.18.2"
  resolved "https://registry.yarnpkg.com/react-history/-/react-history-0.18.2.tgz#b6fe970751606afe0039c1a828ba8766de958f6a"
  integrity sha1-tv6XB1Fgav4AOcGoKLqHZt6Vj2o=
  dependencies:
    history "^4.5.0"

react-is@^16.8.1:
  version "16.13.1"
  resolved "https://registry.yarnpkg.com/react-is/-/react-is-16.13.1.tgz#789729a4dc36de2999dc156dd6c1d9c18cea56a4"
  integrity sha512-24e6ynE2H+OKt4kqsOvNd8kBpV65zoxbA4BVsEOB3ARVWQki/DHzaUoC5KuON/BiccDaCCTZBuOcfZs70kR8bQ==

react-lifecycles-compat@^3.0.4:
  version "3.0.4"
  resolved "https://registry.yarnpkg.com/react-lifecycles-compat/-/react-lifecycles-compat-3.0.4.tgz#4f1a273afdfc8f3488a8c516bfda78f872352362"
  integrity sha512-fBASbA6LnOU9dOU2eW7aQ8xmYBSXUIWr+UmF9b1efZBazGNO+rcXT/icdKnYm2pTwcRylVUYwW7H1PHfLekVzA==

react-resize-detector@^2.3.0:
  version "2.3.0"
  resolved "https://registry.yarnpkg.com/react-resize-detector/-/react-resize-detector-2.3.0.tgz#57bad1ae26a28a62a2ddb678ba6ffdf8fa2b599c"
  integrity sha512-oCAddEWWeFWYH5FAcHdBYcZjAw9fMzRUK9sWSx6WvSSOPVRxcHd5zTIGy/mOus+AhN/u6T4TMiWxvq79PywnJQ==
  dependencies:
    lodash.debounce "^4.0.8"
    lodash.throttle "^4.1.1"
    prop-types "^15.6.0"
    resize-observer-polyfill "^1.5.0"

react-router-dom@^4.1.2:
  version "4.3.1"
  resolved "https://registry.yarnpkg.com/react-router-dom/-/react-router-dom-4.3.1.tgz#4c2619fc24c4fa87c9fd18f4fb4a43fe63fbd5c6"
  integrity sha512-c/MlywfxDdCp7EnB7YfPMOfMD3tOtIjrQlj/CKfNMBxdmpJP8xcz5P/UAFn3JbnQCNUxsHyVVqllF9LhgVyFCA==
  dependencies:
    history "^4.7.2"
    invariant "^2.2.4"
    loose-envify "^1.3.1"
    prop-types "^15.6.1"
    react-router "^4.3.1"
    warning "^4.0.1"

react-router@^4.1.2, react-router@^4.3.1:
  version "4.3.1"
  resolved "https://registry.yarnpkg.com/react-router/-/react-router-4.3.1.tgz#aada4aef14c809cb2e686b05cee4742234506c4e"
  integrity sha512-yrvL8AogDh2X42Dt9iknk4wF4V8bWREPirFfS9gLU1huk6qK41sg7Z/1S81jjTrGHxa3B8R3J6xIkDAA6CVarg==
  dependencies:
    history "^4.7.2"
    hoist-non-react-statics "^2.5.0"
    invariant "^2.2.4"
    loose-envify "^1.3.1"
    path-to-regexp "^1.7.0"
    prop-types "^15.6.1"
    warning "^4.0.1"

react-smooth@^1.0.5:
  version "1.0.5"
  resolved "https://registry.yarnpkg.com/react-smooth/-/react-smooth-1.0.5.tgz#94ae161d7951cdd893ccb7099d031d342cb762ad"
  integrity sha512-eW057HT0lFgCKh8ilr0y2JaH2YbNcuEdFpxyg7Gf/qDKk9hqGMyXryZJ8iMGJEuKH0+wxS0ccSsBBB3W8yCn8w==
  dependencies:
    lodash "~4.17.4"
    prop-types "^15.6.0"
    raf "^3.4.0"
    react-transition-group "^2.5.0"

react-tap-event-plugin@^2.0.1:
  version "2.0.1"
  resolved "https://registry.yarnpkg.com/react-tap-event-plugin/-/react-tap-event-plugin-2.0.1.tgz#316beb3bc6556e29ec869a7293e89c826a9074d2"
  dependencies:
    fbjs "^0.8.6"

react-transition-group@^1.1.2:
  version "1.2.0"
  resolved "https://registry.yarnpkg.com/react-transition-group/-/react-transition-group-1.2.0.tgz#b51fc921b0c3835a7ef7c571c79fc82c73e9204f"
  dependencies:
    chain-function "^1.0.0"
    dom-helpers "^3.2.0"
    loose-envify "^1.3.1"
    prop-types "^15.5.6"
    warning "^3.0.0"

react-transition-group@^2.5.0:
  version "2.9.0"
  resolved "https://registry.yarnpkg.com/react-transition-group/-/react-transition-group-2.9.0.tgz#df9cdb025796211151a436c69a8f3b97b5b07c8d"
  integrity sha512-+HzNTCHpeQyl4MJ/bdE0u6XRMe9+XG/+aL4mCxVN4DnPBQ0/5bfHWPDuOZUzYdMj94daZaZdCCc1Dzt9R/xSSg==
  dependencies:
    dom-helpers "^3.4.0"
    loose-envify "^1.4.0"
    prop-types "^15.6.2"
    react-lifecycles-compat "^3.0.4"

react@^16.5.0:
  version "16.13.1"
  resolved "https://registry.yarnpkg.com/react/-/react-16.13.1.tgz#2e818822f1a9743122c063d6410d85c1e3afe48e"
  integrity sha512-YMZQQq32xHLX0bz5Mnibv1/LHb3Sqzngu7xstSM+vrkE5Kzr9xE0yMByK5kMoTK30YVJE61WfbxIFFvfeDKT1w==
  dependencies:
    loose-envify "^1.1.0"
    object-assign "^4.1.1"
    prop-types "^15.6.2"

readable-stream@^2.0.2, "readable-stream@git+https://github.com/meteor/readable-stream.git":
  version "2.2.10"
  resolved "git+https://github.com/meteor/readable-stream.git#2e9112d7d31a2af6e0682db0e18679b1e5fd4694"
  dependencies:
    inherits "~2.0.1"
    isarray "~1.0.0"
    process-nextick-args "~1.0.6"
    safe-buffer "^5.0.1"
    string_decoder "~1.0.0"
    util-deprecate "~1.0.1"

recharts-scale@^0.4.2:
  version "0.4.3"
  resolved "https://registry.yarnpkg.com/recharts-scale/-/recharts-scale-0.4.3.tgz#040b4f638ed687a530357292ecac880578384b59"
  integrity sha512-t8p5sccG9Blm7c1JQK/ak9O8o95WGhNXD7TXg/BW5bYbVlr6eCeRBNpgyigD4p6pSSMehC5nSvBUPj6F68rbFA==
  dependencies:
    decimal.js-light "^2.4.1"

recharts@^1.0.0-alpha.2:
  version "1.8.5"
  resolved "https://registry.yarnpkg.com/recharts/-/recharts-1.8.5.tgz#ca94a3395550946334a802e35004ceb2583fdb12"
  integrity sha512-tM9mprJbXVEBxjM7zHsIy6Cc41oO/pVYqyAsOHLxlJrbNBuLs0PHB3iys2M+RqCF0//k8nJtZF6X6swSkWY3tg==
  dependencies:
    classnames "^2.2.5"
    core-js "^2.6.10"
    d3-interpolate "^1.3.0"
    d3-scale "^2.1.0"
    d3-shape "^1.2.0"
    lodash "^4.17.5"
    prop-types "^15.6.0"
    react-resize-detector "^2.3.0"
    react-smooth "^1.0.5"
    recharts-scale "^0.4.2"
    reduce-css-calc "^1.3.0"

recompose@0.23.4:
  version "0.23.4"
  resolved "https://registry.yarnpkg.com/recompose/-/recompose-0.23.4.tgz#af09e4e08424effa449c9b793037166f7b30644a"
  dependencies:
    change-emitter "^0.1.2"
    fbjs "^0.8.1"
    hoist-non-react-statics "^1.0.0"
    symbol-observable "^1.0.4"

reduce-css-calc@^1.3.0:
  version "1.3.0"
  resolved "https://registry.yarnpkg.com/reduce-css-calc/-/reduce-css-calc-1.3.0.tgz#747c914e049614a4c9cfbba629871ad1d2927716"
  integrity sha1-dHyRTgSWFKTJz7umKYca0dKSdxY=
  dependencies:
    balanced-match "^0.4.2"
    math-expression-evaluator "^1.2.14"
    reduce-function-call "^1.0.1"

reduce-function-call@^1.0.1:
  version "1.0.3"
  resolved "https://registry.yarnpkg.com/reduce-function-call/-/reduce-function-call-1.0.3.tgz#60350f7fb252c0a67eb10fd4694d16909971300f"
  integrity sha512-Hl/tuV2VDgWgCSEeWMLwxLZqX7OK59eU1guxXsRKTAyeYimivsKdtcV4fu3r710tpG5GmDKDhQ0HSZLExnNmyQ==
  dependencies:
    balanced-match "^1.0.0"

regenerator-runtime@^0.10.0:
  version "0.10.5"
  resolved "https://registry.yarnpkg.com/regenerator-runtime/-/regenerator-runtime-0.10.5.tgz#336c3efc1220adcedda2c9fab67b5a7955a33658"

regenerator-runtime@^0.13.4:
  version "0.13.7"
  resolved "https://registry.yarnpkg.com/regenerator-runtime/-/regenerator-runtime-0.13.7.tgz#cac2dacc8a1ea675feaabaeb8ae833898ae46f55"
  integrity sha512-a54FxoJDIr27pgf7IgeQGxmqUNYrcV338lf/6gH456HZ/PhX+5BcwHXG9ajESmwe6WRO0tAzRUrRmNONWgkrew==

resize-observer-polyfill@^1.5.0:
  version "1.5.1"
  resolved "https://registry.yarnpkg.com/resize-observer-polyfill/-/resize-observer-polyfill-1.5.1.tgz#0e9020dd3d21024458d4ebd27e23e40269810464"
  integrity sha512-LwZrotdHOo12nQuZlHEmtuXdqGoOD0OhaxopaNFxWzInpEgaLWoVuAMbTzixuosCx2nEG58ngzW3vxdWoxIgdg==

resolve-pathname@^3.0.0:
  version "3.0.0"
  resolved "https://registry.yarnpkg.com/resolve-pathname/-/resolve-pathname-3.0.0.tgz#99d02224d3cf263689becbb393bc560313025dcd"
  integrity sha512-C7rARubxI8bXFNB/hqcp/4iUeIXJhJZvFPFPiSPRnhU5UPxzMFIl+2E6yY6c4k9giDJAhtV+enfA+G89N6Csng==

ripemd160@^2.0.0, ripemd160@^2.0.1:
  version "2.0.1"
  resolved "https://registry.yarnpkg.com/ripemd160/-/ripemd160-2.0.1.tgz#0f4584295c53a3628af7e6d79aca21ce57d1c6e7"
  dependencies:
    hash-base "^2.0.0"
    inherits "^2.0.1"

safe-buffer@^5.0.1, safe-buffer@^5.1.0, safe-buffer@~5.1.0:
  version "5.1.1"
  resolved "https://registry.yarnpkg.com/safe-buffer/-/safe-buffer-5.1.1.tgz#893312af69b2123def71f57889001671eeb2c853"

scheduler@^0.19.1:
  version "0.19.1"
  resolved "https://registry.yarnpkg.com/scheduler/-/scheduler-0.19.1.tgz#4f3e2ed2c1a7d65681f4c854fa8c5a1ccb40f196"
  integrity sha512-n/zwRWRYSUj0/3g/otKDRPMh6qv2SYMWNq85IEa8iZyAv8od9zDYpGSnpBEjNgcMNq6Scbu5KfIPxNF72R/2EA==
  dependencies:
    loose-envify "^1.1.0"
    object-assign "^4.1.1"

setimmediate@^1.0.5:
  version "1.0.5"
  resolved "https://registry.yarnpkg.com/setimmediate/-/setimmediate-1.0.5.tgz#290cbb232e306942d7d7ea9b83732ab7856f8285"

sha.js@^2.4.0, sha.js@^2.4.8:
  version "2.4.8"
  resolved "https://registry.yarnpkg.com/sha.js/-/sha.js-2.4.8.tgz#37068c2c476b6baf402d14a49c67f597921f634f"
  dependencies:
    inherits "^2.0.1"

simple-assign@^0.1.0:
  version "0.1.0"
  resolved "https://registry.yarnpkg.com/simple-assign/-/simple-assign-0.1.0.tgz#17fd3066a5f3d7738f50321bb0f14ca281cc4baa"

stream-browserify@^2.0.1:
  version "2.0.1"
  resolved "https://registry.yarnpkg.com/stream-browserify/-/stream-browserify-2.0.1.tgz#66266ee5f9bdb9940a4e4514cafb43bb71e5c9db"
  dependencies:
    inherits "~2.0.1"
    readable-stream "^2.0.2"

string_decoder@^1.0.1, string_decoder@~1.0.0:
  version "1.0.3"
  resolved "https://registry.yarnpkg.com/string_decoder/-/string_decoder-1.0.3.tgz#0fc67d7c141825de94282dd536bec6b9bce860ab"
  dependencies:
    safe-buffer "~5.1.0"

style-attr@^1.0.1:
  version "1.3.0"
  resolved "https://registry.yarnpkg.com/style-attr/-/style-attr-1.3.0.tgz#2c1997a4865e25d7dbcb216be0ad715f005b9b17"
  integrity sha512-srFr54gzEZoy73WgYfnbxCAtNCzF0Hn5RGzK7gi/0G6ttZd9v3WZFGY4ed5ABr43dbGjPNr4T46geUxxUP9i6w==

symbol-observable@^1.0.4:
  version "1.0.4"
  resolved "https://registry.yarnpkg.com/symbol-observable/-/symbol-observable-1.0.4.tgz#29bf615d4aa7121bdd898b22d4b3f9bc4e2aa03d"

timers-browserify@^1.4.2:
  version "1.4.2"
  resolved "https://registry.yarnpkg.com/timers-browserify/-/timers-browserify-1.4.2.tgz#c9c58b575be8407375cb5e2462dacee74359f41d"
  dependencies:
    process "~0.11.0"

tiny-invariant@^1.0.2:
  version "1.1.0"
  resolved "https://registry.yarnpkg.com/tiny-invariant/-/tiny-invariant-1.1.0.tgz#634c5f8efdc27714b7f386c35e6760991d230875"
  integrity sha512-ytxQvrb1cPc9WBEI/HSeYYoGD0kWnGEOR8RY6KomWLBVhqz0RgTwVO9dLrGz7dC+nN9llyI7OKAgRq8Vq4ZBSw==

tiny-warning@^1.0.0:
  version "1.0.3"
  resolved "https://registry.yarnpkg.com/tiny-warning/-/tiny-warning-1.0.3.tgz#94a30db453df4c643d0fd566060d60a875d84754"
  integrity sha512-lBN9zLN/oAf68o3zNXYrdCt1kP8WsiGW8Oo2ka41b2IM5JL/S1CTyX1rW0mb/zSuJun0ZUrDxx4sqvYS2FWzPA==

tty-browserify@0.0.0:
  version "0.0.0"
  resolved "https://registry.yarnpkg.com/tty-browserify/-/tty-browserify-0.0.0.tgz#a157ba402da24e9bf957f9aa69d524eed42901a6"

ua-parser-js@^0.7.9:
  version "0.7.13"
  resolved "https://registry.yarnpkg.com/ua-parser-js/-/ua-parser-js-0.7.13.tgz#cd9dd2f86493b3f44dbeeef3780fda74c5ee14be"

underscore@>=1.4.2:
  version "1.11.0"
  resolved "https://registry.yarnpkg.com/underscore/-/underscore-1.11.0.tgz#dd7c23a195db34267186044649870ff1bab5929e"
  integrity sha512-xY96SsN3NA461qIRKZ/+qox37YXPtSBswMGfiNptr+wrt6ds4HaMw23TP612fEyGekRE6LNRiLYr/aqbHXNedw==

url@^0.11.0:
  version "0.11.0"
  resolved "https://registry.yarnpkg.com/url/-/url-0.11.0.tgz#3838e97cfc60521eb73c525a8e55bfdd9e2e28f1"
  dependencies:
    punycode "1.3.2"
    querystring "0.2.0"

util-deprecate@~1.0.1:
  version "1.0.2"
  resolved "https://registry.yarnpkg.com/util-deprecate/-/util-deprecate-1.0.2.tgz#450d4dc9fa70de732762fbd2d4a28981419a0ccf"

util@0.10.3, util@^0.10.3:
  version "0.10.3"
  resolved "https://registry.yarnpkg.com/util/-/util-0.10.3.tgz#7afb1afe50805246489e3db7fe0ed379336ac0f9"
  dependencies:
    inherits "2.0.1"

value-equal@^1.0.1:
  version "1.0.1"
  resolved "https://registry.yarnpkg.com/value-equal/-/value-equal-1.0.1.tgz#1e0b794c734c5c0cade179c437d356d931a34d6c"
  integrity sha512-NOJ6JZCAWr0zlxZt+xqCHNTEKOsrks2HQd4MqhP1qy4z1SkbEP467eNx6TgDKXMvUOb+OENfJCZwM+16n7fRfw==

vm-browserify@0.0.4:
  version "0.0.4"
  resolved "https://registry.yarnpkg.com/vm-browserify/-/vm-browserify-0.0.4.tgz#5d7ea45bbef9e4a6ff65f95438e0a87c357d5a73"
  dependencies:
    indexof "0.0.1"

warning@^3.0.0:
  version "3.0.0"
  resolved "https://registry.yarnpkg.com/warning/-/warning-3.0.0.tgz#32e5377cb572de4ab04753bdf8821c01ed605b7c"
  dependencies:
    loose-envify "^1.0.0"

warning@^4.0.1:
  version "4.0.3"
  resolved "https://registry.yarnpkg.com/warning/-/warning-4.0.3.tgz#16e9e077eb8a86d6af7d64aa1e05fd85b4678ca3"
  integrity sha512-rpJyN222KWIvHJ/F53XSZv0Zl/accqHR8et1kpaMTD/fLCRxtV8iX8czMzY7sVZupTI3zcUTg8eycS2kNF9l6w==
  dependencies:
    loose-envify "^1.0.0"

whatwg-fetch@>=0.10.0:
  version "2.0.3"
  resolved "https://registry.yarnpkg.com/whatwg-fetch/-/whatwg-fetch-2.0.3.tgz#9c84ec2dcf68187ff00bc64e1274b442176e1c84"

wordwrap@~0.0.2:
  version "0.0.3"
  resolved "https://registry.yarnpkg.com/wordwrap/-/wordwrap-0.0.3.tgz#a3d5da6cd5c0bc0008d37234bbaf1bed63059107"
  integrity sha1-o9XabNXAvAAI03I0u68b7WMFkQc=

xmldom@>=0.1.13, xmldom@^0.3.0:
  version "0.3.0"
  resolved "https://registry.yarnpkg.com/xmldom/-/xmldom-0.3.0.tgz#e625457f4300b5df9c2e1ecb776147ece47f3e5a"
  integrity sha512-z9s6k3wxE+aZHgXYxSTpGDo7BYOUfJsIRyoZiX6HTjwpwfS2wpQBQKa2fD+ShLyPkqDYo5ud7KitmLZ2Cd6r0g==
